// !$*UTF8*$!
{
	archiveVersion = 1;
	classes = {
	};
	objectVersion = 56;
	objects = {

/* Begin PBXBuildFile section */
		1FE5C6692960834900E3B53E /* MicroBlogApp.swift in Sources */ = {isa = PBXBuildFile; fileRef = 1FE5C6682960834900E3B53E /* MicroBlogApp.swift */; };
		1FE5C66B2960834900E3B53E /* ContentView.swift in Sources */ = {isa = PBXBuildFile; fileRef = 1FE5C66A2960834900E3B53E /* ContentView.swift */; };
		1FE5C66D2960834B00E3B53E /* Assets.xcassets in Resources */ = {isa = PBXBuildFile; fileRef = 1FE5C66C2960834B00E3B53E /* Assets.xcassets */; };
		1FE5C6702960834B00E3B53E /* Preview Assets.xcassets in Resources */ = {isa = PBXBuildFile; fileRef = 1FE5C66F2960834B00E3B53E /* Preview Assets.xcassets */; };
		1FE5C67A2960834B00E3B53E /* MicroBlogTests.swift in Sources */ = {isa = PBXBuildFile; fileRef = 1FE5C6792960834B00E3B53E /* MicroBlogTests.swift */; };
		1FE5C6842960834B00E3B53E /* MicroBlogUITests.swift in Sources */ = {isa = PBXBuildFile; fileRef = 1FE5C6832960834B00E3B53E /* MicroBlogUITests.swift */; };
		1FE5C6862960834B00E3B53E /* MicroBlogUITestsLaunchTests.swift in Sources */ = {isa = PBXBuildFile; fileRef = 1FE5C6852960834B00E3B53E /* MicroBlogUITestsLaunchTests.swift */; };
/* End PBXBuildFile section */

/* Begin PBXContainerItemProxy section */
		1FE5C6762960834B00E3B53E /* PBXContainerItemProxy */ = {
			isa = PBXContainerItemProxy;
			containerPortal = 1FE5C65D2960834900E3B53E /* Project object */;
			proxyType = 1;
			remoteGlobalIDString = 1FE5C6642960834900E3B53E;
			remoteInfo = MicroBlog;
		};
		1FE5C6802960834B00E3B53E /* PBXContainerItemProxy */ = {
			isa = PBXContainerItemProxy;
			containerPortal = 1FE5C65D2960834900E3B53E /* Project object */;
			proxyType = 1;
			remoteGlobalIDString = 1FE5C6642960834900E3B53E;
			remoteInfo = MicroBlog;
		};
/* End PBXContainerItemProxy section */

/* Begin PBXFileReference section */
		1FE5C6652960834900E3B53E /* MicroBlog.app */ = {isa = PBXFileReference; explicitFileType = wrapper.application; includeInIndex = 0; path = MicroBlog.app; sourceTree = BUILT_PRODUCTS_DIR; };
		1FE5C6682960834900E3B53E /* MicroBlogApp.swift */ = {isa = PBXFileReference; lastKnownFileType = sourcecode.swift; path = MicroBlogApp.swift; sourceTree = "<group>"; };
		1FE5C66A2960834900E3B53E /* ContentView.swift */ = {isa = PBXFileReference; lastKnownFileType = sourcecode.swift; path = ContentView.swift; sourceTree = "<group>"; };
		1FE5C66C2960834B00E3B53E /* Assets.xcassets */ = {isa = PBXFileReference; lastKnownFileType = folder.assetcatalog; path = Assets.xcassets; sourceTree = "<group>"; };
		1FE5C66F2960834B00E3B53E /* Preview Assets.xcassets */ = {isa = PBXFileReference; lastKnownFileType = folder.assetcatalog; path = "Preview Assets.xcassets"; sourceTree = "<group>"; };
		1FE5C6752960834B00E3B53E /* MicroBlogTests.xctest */ = {isa = PBXFileReference; explicitFileType = wrapper.cfbundle; includeInIndex = 0; path = MicroBlogTests.xctest; sourceTree = BUILT_PRODUCTS_DIR; };
		1FE5C6792960834B00E3B53E /* MicroBlogTests.swift */ = {isa = PBXFileReference; lastKnownFileType = sourcecode.swift; path = MicroBlogTests.swift; sourceTree = "<group>"; };
		1FE5C67F2960834B00E3B53E /* MicroBlogUITests.xctest */ = {isa = PBXFileReference; explicitFileType = wrapper.cfbundle; includeInIndex = 0; path = MicroBlogUITests.xctest; sourceTree = BUILT_PRODUCTS_DIR; };
		1FE5C6832960834B00E3B53E /* MicroBlogUITests.swift */ = {isa = PBXFileReference; lastKnownFileType = sourcecode.swift; path = MicroBlogUITests.swift; sourceTree = "<group>"; };
		1FE5C6852960834B00E3B53E /* MicroBlogUITestsLaunchTests.swift */ = {isa = PBXFileReference; lastKnownFileType = sourcecode.swift; path = MicroBlogUITestsLaunchTests.swift; sourceTree = "<group>"; };
/* End PBXFileReference section */

/* Begin PBXFrameworksBuildPhase section */
		1FE5C6622960834900E3B53E /* Frameworks */ = {
			isa = PBXFrameworksBuildPhase;
			buildActionMask = 2147483647;
			files = (
			);
			runOnlyForDeploymentPostprocessing = 0;
		};
		1FE5C6722960834B00E3B53E /* Frameworks */ = {
			isa = PBXFrameworksBuildPhase;
			buildActionMask = 2147483647;
			files = (
			);
			runOnlyForDeploymentPostprocessing = 0;
		};
		1FE5C67C2960834B00E3B53E /* Frameworks */ = {
			isa = PBXFrameworksBuildPhase;
			buildActionMask = 2147483647;
			files = (
			);
			runOnlyForDeploymentPostprocessing = 0;
		};
/* End PBXFrameworksBuildPhase section */

/* Begin PBXGroup section */
		1FE5C65C2960834900E3B53E = {
			isa = PBXGroup;
			children = (
				1FE5C6672960834900E3B53E /* MicroBlog */,
				1FE5C6782960834B00E3B53E /* MicroBlogTests */,
				1FE5C6822960834B00E3B53E /* MicroBlogUITests */,
				1FE5C6662960834900E3B53E /* Products */,
			);
			sourceTree = "<group>";
		};
		1FE5C6662960834900E3B53E /* Products */ = {
			isa = PBXGroup;
			children = (
				1FE5C6652960834900E3B53E /* MicroBlog.app */,
				1FE5C6752960834B00E3B53E /* MicroBlogTests.xctest */,
				1FE5C67F2960834B00E3B53E /* MicroBlogUITests.xctest */,
			);
			name = Products;
			sourceTree = "<group>";
		};
		1FE5C6672960834900E3B53E /* MicroBlog */ = {
			isa = PBXGroup;
			children = (
				1FE5C6682960834900E3B53E /* MicroBlogApp.swift */,
				1FE5C66A2960834900E3B53E /* ContentView.swift */,
				1FE5C66C2960834B00E3B53E /* Assets.xcassets */,
				1FE5C66E2960834B00E3B53E /* Preview Content */,
			);
			path = MicroBlog;
			sourceTree = "<group>";
		};
		1FE5C66E2960834B00E3B53E /* Preview Content */ = {
			isa = PBXGroup;
			children = (
				1FE5C66F2960834B00E3B53E /* Preview Assets.xcassets */,
			);
			path = "Preview Content";
			sourceTree = "<group>";
		};
		1FE5C6782960834B00E3B53E /* MicroBlogTests */ = {
			isa = PBXGroup;
			children = (
				1FE5C6792960834B00E3B53E /* MicroBlogTests.swift */,
			);
			path = MicroBlogTests;
			sourceTree = "<group>";
		};
		1FE5C6822960834B00E3B53E /* MicroBlogUITests */ = {
			isa = PBXGroup;
			children = (
				1FE5C6832960834B00E3B53E /* MicroBlogUITests.swift */,
				1FE5C6852960834B00E3B53E /* MicroBlogUITestsLaunchTests.swift */,
			);
			path = MicroBlogUITests;
			sourceTree = "<group>";
		};
/* End PBXGroup section */

/* Begin PBXNativeTarget section */
		1FE5C6642960834900E3B53E /* MicroBlog */ = {
			isa = PBXNativeTarget;
			buildConfigurationList = 1FE5C6892960834B00E3B53E /* Build configuration list for PBXNativeTarget "MicroBlog" */;
			buildPhases = (
				1FE5C6612960834900E3B53E /* Sources */,
				1FE5C6622960834900E3B53E /* Frameworks */,
				1FE5C6632960834900E3B53E /* Resources */,
			);
			buildRules = (
			);
			dependencies = (
			);
			name = MicroBlog;
			productName = MicroBlog;
			productReference = 1FE5C6652960834900E3B53E /* MicroBlog.app */;
			productType = "com.apple.product-type.application";
		};
		1FE5C6742960834B00E3B53E /* MicroBlogTests */ = {
			isa = PBXNativeTarget;
			buildConfigurationList = 1FE5C68C2960834B00E3B53E /* Build configuration list for PBXNativeTarget "MicroBlogTests" */;
			buildPhases = (
				1FE5C6712960834B00E3B53E /* Sources */,
				1FE5C6722960834B00E3B53E /* Frameworks */,
				1FE5C6732960834B00E3B53E /* Resources */,
			);
			buildRules = (
			);
			dependencies = (
				1FE5C6772960834B00E3B53E /* PBXTargetDependency */,
			);
			name = MicroBlogTests;
			productName = MicroBlogTests;
			productReference = 1FE5C6752960834B00E3B53E /* MicroBlogTests.xctest */;
			productType = "com.apple.product-type.bundle.unit-test";
		};
		1FE5C67E2960834B00E3B53E /* MicroBlogUITests */ = {
			isa = PBXNativeTarget;
			buildConfigurationList = 1FE5C68F2960834B00E3B53E /* Build configuration list for PBXNativeTarget "MicroBlogUITests" */;
			buildPhases = (
				1FE5C67B2960834B00E3B53E /* Sources */,
				1FE5C67C2960834B00E3B53E /* Frameworks */,
				1FE5C67D2960834B00E3B53E /* Resources */,
			);
			buildRules = (
			);
			dependencies = (
				1FE5C6812960834B00E3B53E /* PBXTargetDependency */,
			);
			name = MicroBlogUITests;
			productName = MicroBlogUITests;
			productReference = 1FE5C67F2960834B00E3B53E /* MicroBlogUITests.xctest */;
			productType = "com.apple.product-type.bundle.ui-testing";
		};
/* End PBXNativeTarget section */

/* Begin PBXProject section */
		1FE5C65D2960834900E3B53E /* Project object */ = {
			isa = PBXProject;
			attributes = {
				BuildIndependentTargetsInParallel = 1;
				LastSwiftUpdateCheck = 1410;
				LastUpgradeCheck = 1410;
				TargetAttributes = {
					1FE5C6642960834900E3B53E = {
						CreatedOnToolsVersion = 14.1;
					};
					1FE5C6742960834B00E3B53E = {
						CreatedOnToolsVersion = 14.1;
						TestTargetID = 1FE5C6642960834900E3B53E;
					};
					1FE5C67E2960834B00E3B53E = {
						CreatedOnToolsVersion = 14.1;
						TestTargetID = 1FE5C6642960834900E3B53E;
					};
				};
			};
			buildConfigurationList = 1FE5C6602960834900E3B53E /* Build configuration list for PBXProject "MicroBlog" */;
			compatibilityVersion = "Xcode 14.0";
			developmentRegion = en;
			hasScannedForEncodings = 0;
			knownRegions = (
				en,
				Base,
			);
			mainGroup = 1FE5C65C2960834900E3B53E;
			productRefGroup = 1FE5C6662960834900E3B53E /* Products */;
			projectDirPath = "";
			projectRoot = "";
			targets = (
				1FE5C6642960834900E3B53E /* MicroBlog */,
				1FE5C6742960834B00E3B53E /* MicroBlogTests */,
				1FE5C67E2960834B00E3B53E /* MicroBlogUITests */,
			);
		};
/* End PBXProject section */

/* Begin PBXResourcesBuildPhase section */
		1FE5C6632960834900E3B53E /* Resources */ = {
			isa = PBXResourcesBuildPhase;
			buildActionMask = 2147483647;
			files = (
				1FE5C6702960834B00E3B53E /* Preview Assets.xcassets in Resources */,
				1FE5C66D2960834B00E3B53E /* Assets.xcassets in Resources */,
			);
			runOnlyForDeploymentPostprocessing = 0;
		};
		1FE5C6732960834B00E3B53E /* Resources */ = {
			isa = PBXResourcesBuildPhase;
			buildActionMask = 2147483647;
			files = (
			);
			runOnlyForDeploymentPostprocessing = 0;
		};
		1FE5C67D2960834B00E3B53E /* Resources */ = {
			isa = PBXResourcesBuildPhase;
			buildActionMask = 2147483647;
			files = (
			);
			runOnlyForDeploymentPostprocessing = 0;
		};
/* End PBXResourcesBuildPhase section */

/* Begin PBXSourcesBuildPhase section */
		1FE5C6612960834900E3B53E /* Sources */ = {
			isa = PBXSourcesBuildPhase;
			buildActionMask = 2147483647;
			files = (
				1FE5C66B2960834900E3B53E /* ContentView.swift in Sources */,
				1FE5C6692960834900E3B53E /* MicroBlogApp.swift in Sources */,
			);
			runOnlyForDeploymentPostprocessing = 0;
		};
		1FE5C6712960834B00E3B53E /* Sources */ = {
			isa = PBXSourcesBuildPhase;
			buildActionMask = 2147483647;
			files = (
				1FE5C67A2960834B00E3B53E /* MicroBlogTests.swift in Sources */,
			);
			runOnlyForDeploymentPostprocessing = 0;
		};
		1FE5C67B2960834B00E3B53E /* Sources */ = {
			isa = PBXSourcesBuildPhase;
			buildActionMask = 2147483647;
			files = (
				1FE5C6842960834B00E3B53E /* MicroBlogUITests.swift in Sources */,
				1FE5C6862960834B00E3B53E /* MicroBlogUITestsLaunchTests.swift in Sources */,
			);
			runOnlyForDeploymentPostprocessing = 0;
		};
/* End PBXSourcesBuildPhase section */

/* Begin PBXTargetDependency section */
		1FE5C6772960834B00E3B53E /* PBXTargetDependency */ = {
			isa = PBXTargetDependency;
			target = 1FE5C6642960834900E3B53E /* MicroBlog */;
			targetProxy = 1FE5C6762960834B00E3B53E /* PBXContainerItemProxy */;
		};
		1FE5C6812960834B00E3B53E /* PBXTargetDependency */ = {
			isa = PBXTargetDependency;
			target = 1FE5C6642960834900E3B53E /* MicroBlog */;
			targetProxy = 1FE5C6802960834B00E3B53E /* PBXContainerItemProxy */;
		};
/* End PBXTargetDependency section */

/* Begin XCBuildConfiguration section */
		1FE5C6872960834B00E3B53E /* Debug */ = {
			isa = XCBuildConfiguration;
			buildSettings = {
				ALWAYS_SEARCH_USER_PATHS = NO;
				CLANG_ANALYZER_NONNULL = YES;
				CLANG_ANALYZER_NUMBER_OBJECT_CONVERSION = YES_AGGRESSIVE;
				CLANG_CXX_LANGUAGE_STANDARD = "gnu++20";
				CLANG_ENABLE_MODULES = YES;
				CLANG_ENABLE_OBJC_ARC = YES;
				CLANG_ENABLE_OBJC_WEAK = YES;
				CLANG_WARN_BLOCK_CAPTURE_AUTORELEASING = YES;
				CLANG_WARN_BOOL_CONVERSION = YES;
				CLANG_WARN_COMMA = YES;
				CLANG_WARN_CONSTANT_CONVERSION = YES;
				CLANG_WARN_DEPRECATED_OBJC_IMPLEMENTATIONS = YES;
				CLANG_WARN_DIRECT_OBJC_ISA_USAGE = YES_ERROR;
				CLANG_WARN_DOCUMENTATION_COMMENTS = YES;
				CLANG_WARN_EMPTY_BODY = YES;
				CLANG_WARN_ENUM_CONVERSION = YES;
				CLANG_WARN_INFINITE_RECURSION = YES;
				CLANG_WARN_INT_CONVERSION = YES;
				CLANG_WARN_NON_LITERAL_NULL_CONVERSION = YES;
				CLANG_WARN_OBJC_IMPLICIT_RETAIN_SELF = YES;
				CLANG_WARN_OBJC_LITERAL_CONVERSION = YES;
				CLANG_WARN_OBJC_ROOT_CLASS = YES_ERROR;
				CLANG_WARN_QUOTED_INCLUDE_IN_FRAMEWORK_HEADER = YES;
				CLANG_WARN_RANGE_LOOP_ANALYSIS = YES;
				CLANG_WARN_STRICT_PROTOTYPES = YES;
				CLANG_WARN_SUSPICIOUS_MOVE = YES;
				CLANG_WARN_UNGUARDED_AVAILABILITY = YES_AGGRESSIVE;
				CLANG_WARN_UNREACHABLE_CODE = YES;
				CLANG_WARN__DUPLICATE_METHOD_MATCH = YES;
				COPY_PHASE_STRIP = NO;
				DEBUG_INFORMATION_FORMAT = dwarf;
				ENABLE_STRICT_OBJC_MSGSEND = YES;
				ENABLE_TESTABILITY = YES;
				GCC_C_LANGUAGE_STANDARD = gnu11;
				GCC_DYNAMIC_NO_PIC = NO;
				GCC_NO_COMMON_BLOCKS = YES;
				GCC_OPTIMIZATION_LEVEL = 0;
				GCC_PREPROCESSOR_DEFINITIONS = (
					"DEBUG=1",
					"$(inherited)",
				);
				GCC_WARN_64_TO_32_BIT_CONVERSION = YES;
				GCC_WARN_ABOUT_RETURN_TYPE = YES_ERROR;
				GCC_WARN_UNDECLARED_SELECTOR = YES;
				GCC_WARN_UNINITIALIZED_AUTOS = YES_AGGRESSIVE;
				GCC_WARN_UNUSED_FUNCTION = YES;
				GCC_WARN_UNUSED_VARIABLE = YES;
				IPHONEOS_DEPLOYMENT_TARGET = 16.1;
				MTL_ENABLE_DEBUG_INFO = INCLUDE_SOURCE;
				MTL_FAST_MATH = YES;
				ONLY_ACTIVE_ARCH = YES;
				SDKROOT = iphoneos;
				SWIFT_ACTIVE_COMPILATION_CONDITIONS = DEBUG;
				SWIFT_OPTIMIZATION_LEVEL = "-Onone";
			};
			name = Debug;
		};
		1FE5C6882960834B00E3B53E /* Release */ = {
			isa = XCBuildConfiguration;
			buildSettings = {
				ALWAYS_SEARCH_USER_PATHS = NO;
				CLANG_ANALYZER_NONNULL = YES;
				CLANG_ANALYZER_NUMBER_OBJECT_CONVERSION = YES_AGGRESSIVE;
				CLANG_CXX_LANGUAGE_STANDARD = "gnu++20";
				CLANG_ENABLE_MODULES = YES;
				CLANG_ENABLE_OBJC_ARC = YES;
				CLANG_ENABLE_OBJC_WEAK = YES;
				CLANG_WARN_BLOCK_CAPTURE_AUTORELEASING = YES;
				CLANG_WARN_BOOL_CONVERSION = YES;
				CLANG_WARN_COMMA = YES;
				CLANG_WARN_CONSTANT_CONVERSION = YES;
				CLANG_WARN_DEPRECATED_OBJC_IMPLEMENTATIONS = YES;
				CLANG_WARN_DIRECT_OBJC_ISA_USAGE = YES_ERROR;
				CLANG_WARN_DOCUMENTATION_COMMENTS = YES;
				CLANG_WARN_EMPTY_BODY = YES;
				CLANG_WARN_ENUM_CONVERSION = YES;
				CLANG_WARN_INFINITE_RECURSION = YES;
				CLANG_WARN_INT_CONVERSION = YES;
				CLANG_WARN_NON_LITERAL_NULL_CONVERSION = YES;
				CLANG_WARN_OBJC_IMPLICIT_RETAIN_SELF = YES;
				CLANG_WARN_OBJC_LITERAL_CONVERSION = YES;
				CLANG_WARN_OBJC_ROOT_CLASS = YES_ERROR;
				CLANG_WARN_QUOTED_INCLUDE_IN_FRAMEWORK_HEADER = YES;
				CLANG_WARN_RANGE_LOOP_ANALYSIS = YES;
				CLANG_WARN_STRICT_PROTOTYPES = YES;
				CLANG_WARN_SUSPICIOUS_MOVE = YES;
				CLANG_WARN_UNGUARDED_AVAILABILITY = YES_AGGRESSIVE;
				CLANG_WARN_UNREACHABLE_CODE = YES;
				CLANG_WARN__DUPLICATE_METHOD_MATCH = YES;
				COPY_PHASE_STRIP = NO;
				DEBUG_INFORMATION_FORMAT = "dwarf-with-dsym";
				ENABLE_NS_ASSERTIONS = NO;
				ENABLE_STRICT_OBJC_MSGSEND = YES;
				GCC_C_LANGUAGE_STANDARD = gnu11;
				GCC_NO_COMMON_BLOCKS = YES;
				GCC_WARN_64_TO_32_BIT_CONVERSION = YES;
				GCC_WARN_ABOUT_RETURN_TYPE = YES_ERROR;
				GCC_WARN_UNDECLARED_SELECTOR = YES;
				GCC_WARN_UNINITIALIZED_AUTOS = YES_AGGRESSIVE;
				GCC_WARN_UNUSED_FUNCTION = YES;
				GCC_WARN_UNUSED_VARIABLE = YES;
				IPHONEOS_DEPLOYMENT_TARGET = 16.1;
				MTL_ENABLE_DEBUG_INFO = NO;
				MTL_FAST_MATH = YES;
				SDKROOT = iphoneos;
				SWIFT_COMPILATION_MODE = wholemodule;
				SWIFT_OPTIMIZATION_LEVEL = "-O";
				VALIDATE_PRODUCT = YES;
			};
			name = Release;
		};
		1FE5C68A2960834B00E3B53E /* Debug */ = {
			isa = XCBuildConfiguration;
			buildSettings = {
				ASSETCATALOG_COMPILER_APPICON_NAME = AppIcon;
				ASSETCATALOG_COMPILER_GLOBAL_ACCENT_COLOR_NAME = AccentColor;
				CODE_SIGN_STYLE = Automatic;
				CURRENT_PROJECT_VERSION = 1;
				DEVELOPMENT_ASSET_PATHS = "\"MicroBlog/Preview Content\"";
				ENABLE_PREVIEWS = YES;
				GENERATE_INFOPLIST_FILE = YES;
				INFOPLIST_KEY_UIApplicationSceneManifest_Generation = YES;
				INFOPLIST_KEY_UIApplicationSupportsIndirectInputEvents = YES;
				INFOPLIST_KEY_UILaunchScreen_Generation = YES;
				INFOPLIST_KEY_UISupportedInterfaceOrientations_iPad = "UIInterfaceOrientationPortrait UIInterfaceOrientationPortraitUpsideDown UIInterfaceOrientationLandscapeLeft UIInterfaceOrientationLandscapeRight";
				INFOPLIST_KEY_UISupportedInterfaceOrientations_iPhone = "UIInterfaceOrientationPortrait UIInterfaceOrientationLandscapeLeft UIInterfaceOrientationLandscapeRight";
				LD_RUNPATH_SEARCH_PATHS = (
					"$(inherited)",
					"@executable_path/Frameworks",
				);
				MARKETING_VERSION = 1.0;
				PRODUCT_BUNDLE_IDENTIFIER = com.AmiraAkybai.MicroBlog;
				PRODUCT_NAME = "$(TARGET_NAME)";
				SWIFT_EMIT_LOC_STRINGS = YES;
				SWIFT_VERSION = 5.0;
				TARGETED_DEVICE_FAMILY = "1,2";
			};
			name = Debug;
		};
		1FE5C68B2960834B00E3B53E /* Release */ = {
			isa = XCBuildConfiguration;
			buildSettings = {
				ASSETCATALOG_COMPILER_APPICON_NAME = AppIcon;
				ASSETCATALOG_COMPILER_GLOBAL_ACCENT_COLOR_NAME = AccentColor;
				CODE_SIGN_STYLE = Automatic;
				CURRENT_PROJECT_VERSION = 1;
				DEVELOPMENT_ASSET_PATHS = "\"MicroBlog/Preview Content\"";
				ENABLE_PREVIEWS = YES;
				GENERATE_INFOPLIST_FILE = YES;
				INFOPLIST_KEY_UIApplicationSceneManifest_Generation = YES;
				INFOPLIST_KEY_UIApplicationSupportsIndirectInputEvents = YES;
				INFOPLIST_KEY_UILaunchScreen_Generation = YES;
				INFOPLIST_KEY_UISupportedInterfaceOrientations_iPad = "UIInterfaceOrientationPortrait UIInterfaceOrientationPortraitUpsideDown UIInterfaceOrientationLandscapeLeft UIInterfaceOrientationLandscapeRight";
				INFOPLIST_KEY_UISupportedInterfaceOrientations_iPhone = "UIInterfaceOrientationPortrait UIInterfaceOrientationLandscapeLeft UIInterfaceOrientationLandscapeRight";
				LD_RUNPATH_SEARCH_PATHS = (
					"$(inherited)",
					"@executable_path/Frameworks",
				);
				MARKETING_VERSION = 1.0;
				PRODUCT_BUNDLE_IDENTIFIER = com.AmiraAkybai.MicroBlog;
				PRODUCT_NAME = "$(TARGET_NAME)";
				SWIFT_EMIT_LOC_STRINGS = YES;
				SWIFT_VERSION = 5.0;
				TARGETED_DEVICE_FAMILY = "1,2";
			};
			name = Release;
		};
		1FE5C68D2960834B00E3B53E /* Debug */ = {
			isa = XCBuildConfiguration;
			buildSettings = {
				ALWAYS_EMBED_SWIFT_STANDARD_LIBRARIES = YES;
				BUNDLE_LOADER = "$(TEST_HOST)";
				CODE_SIGN_STYLE = Automatic;
				CURRENT_PROJECT_VERSION = 1;
				GENERATE_INFOPLIST_FILE = YES;
				IPHONEOS_DEPLOYMENT_TARGET = 16.1;
				MARKETING_VERSION = 1.0;
				PRODUCT_BUNDLE_IDENTIFIER = com.AmiraAkybai.MicroBlogTests;
				PRODUCT_NAME = "$(TARGET_NAME)";
				SWIFT_EMIT_LOC_STRINGS = NO;
				SWIFT_VERSION = 5.0;
				TARGETED_DEVICE_FAMILY = "1,2";
				TEST_HOST = "$(BUILT_PRODUCTS_DIR)/MicroBlog.app/$(BUNDLE_EXECUTABLE_FOLDER_PATH)/MicroBlog";
			};
			name = Debug;
		};
		1FE5C68E2960834B00E3B53E /* Release */ = {
			isa = XCBuildConfiguration;
			buildSettings = {
				ALWAYS_EMBED_SWIFT_STANDARD_LIBRARIES = YES;
				BUNDLE_LOADER = "$(TEST_HOST)";
				CODE_SIGN_STYLE = Automatic;
				CURRENT_PROJECT_VERSION = 1;
				GENERATE_INFOPLIST_FILE = YES;
				IPHONEOS_DEPLOYMENT_TARGET = 16.1;
				MARKETING_VERSION = 1.0;
				PRODUCT_BUNDLE_IDENTIFIER = com.AmiraAkybai.MicroBlogTests;
				PRODUCT_NAME = "$(TARGET_NAME)";
				SWIFT_EMIT_LOC_STRINGS = NO;
				SWIFT_VERSION = 5.0;
				TARGETED_DEVICE_FAMILY = "1,2";
				TEST_HOST = "$(BUILT_PRODUCTS_DIR)/MicroBlog.app/$(BUNDLE_EXECUTABLE_FOLDER_PATH)/MicroBlog";
			};
			name = Release;
		};
		1FE5C6902960834B00E3B53E /* Debug */ = {
			isa = XCBuildConfiguration;
			buildSettings = {
				ALWAYS_EMBED_SWIFT_STANDARD_LIBRARIES = YES;
				CODE_SIGN_STYLE = Automatic;
				CURRENT_PROJECT_VERSION = 1;
				GENERATE_INFOPLIST_FILE = YES;
				MARKETING_VERSION = 1.0;
				PRODUCT_BUNDLE_IDENTIFIER = com.AmiraAkybai.MicroBlogUITests;
				PRODUCT_NAME = "$(TARGET_NAME)";
				SWIFT_EMIT_LOC_STRINGS = NO;
				SWIFT_VERSION = 5.0;
				TARGETED_DEVICE_FAMILY = "1,2";
				TEST_TARGET_NAME = MicroBlog;
			};
			name = Debug;
		};
		1FE5C6912960834B00E3B53E /* Release */ = {
			isa = XCBuildConfiguration;
			buildSettings = {
				ALWAYS_EMBED_SWIFT_STANDARD_LIBRARIES = YES;
				CODE_SIGN_STYLE = Automatic;
				CURRENT_PROJECT_VERSION = 1;
				GENERATE_INFOPLIST_FILE = YES;
				MARKETING_VERSION = 1.0;
				PRODUCT_BUNDLE_IDENTIFIER = com.AmiraAkybai.MicroBlogUITests;
				PRODUCT_NAME = "$(TARGET_NAME)";
				SWIFT_EMIT_LOC_STRINGS = NO;
				SWIFT_VERSION = 5.0;
				TARGETED_DEVICE_FAMILY = "1,2";
				TEST_TARGET_NAME = MicroBlog;
			};
			name = Release;
		};
/* End XCBuildConfiguration section */

/* Begin XCConfigurationList section */
		1FE5C6602960834900E3B53E /* Build configuration list for PBXProject "MicroBlog" */ = {
			isa = XCConfigurationList;
			buildConfigurations = (
				1FE5C6872960834B00E3B53E /* Debug */,
				1FE5C6882960834B00E3B53E /* Release */,
			);
			defaultConfigurationIsVisible = 0;
			defaultConfigurationName = Release;
		};
		1FE5C6892960834B00E3B53E /* Build configuration list for PBXNativeTarget "MicroBlog" */ = {
			isa = XCConfigurationList;
			buildConfigurations = (
				1FE5C68A2960834B00E3B53E /* Debug */,
				1FE5C68B2960834B00E3B53E /* Release */,
			);
			defaultConfigurationIsVisible = 0;
			defaultConfigurationName = Release;
		};
		1FE5C68C2960834B00E3B53E /* Build configuration list for PBXNativeTarget "MicroBlogTests" */ = {
			isa = XCConfigurationList;
			buildConfigurations = (
				1FE5C68D2960834B00E3B53E /* Debug */,
				1FE5C68E2960834B00E3B53E /* Release */,
			);
			defaultConfigurationIsVisible = 0;
			defaultConfigurationName = Release;
		};
		1FE5C68F2960834B00E3B53E /* Build configuration list for PBXNativeTarget "MicroBlogUITests" */ = {
			isa = XCConfigurationList;
			buildConfigurations = (
				1FE5C6902960834B00E3B53E /* Debug */,
				1FE5C6912960834B00E3B53E /* Release */,
			);
			defaultConfigurationIsVisible = 0;
			defaultConfigurationName = Release;
		};
/* End XCConfigurationList section */
	};
	rootObject = 1FE5C65D2960834900E3B53E /* Project object */;
}
